
Microsoft Visual Studio Solution File, Format Version 12.00
# Visual Studio 14
VisualStudioVersion = 14.0.24720.0
MinimumVisualStudioVersion = 10.0.40219.1
Project("{FAE04EC0-301F-11D3-BF4B-00C04F79EFBC}") = "TimeTable.Android", "TimeTable.Android\TimeTable.Android.csproj", "{B20E4723-F2DB-4C9A-B4DF-0EAB5BCA61E1}"
EndProject
Project("{FAE04EC0-301F-11D3-BF4B-00C04F79EFBC}") = "TimeTable.SharedBusinessLogic", "TimeTable.SharedBusinessLogic\TimeTable.SharedBusinessLogic.csproj", "{E04F1077-EB14-4849-B93F-03A6CDC08D7D}"
EndProject
Project("{FAE04EC0-301F-11D3-BF4B-00C04F79EFBC}") = "TimeTable.Console", "TimeTable.Console\TimeTable.Console.csproj", "{C1025253-30A3-4B17-9474-3799DFCA3A1C}"
EndProject
Global
	GlobalSection(SolutionConfigurationPlatforms) = preSolution
		Debug|Any CPU = Debug|Any CPU
		Release|Any CPU = Release|Any CPU
	EndGlobalSection
	GlobalSection(ProjectConfigurationPlatforms) = postSolution
		{B20E4723-F2DB-4C9A-B4DF-0EAB5BCA61E1}.Debug|Any CPU.ActiveCfg = Debug|Any CPU
		{B20E4723-F2DB-4C9A-B4DF-0EAB5BCA61E1}.Debug|Any CPU.Build.0 = Debug|Any CPU
		{B20E4723-F2DB-4C9A-B4DF-0EAB5BCA61E1}.Debug|Any CPU.Deploy.0 = Debug|Any CPU
		{B20E4723-F2DB-4C9A-B4DF-0EAB5BCA61E1}.Release|Any CPU.ActiveCfg = Release|Any CPU
		{B20E4723-F2DB-4C9A-B4DF-0EAB5BCA61E1}.Release|Any CPU.Build.0 = Release|Any CPU
		{B20E4723-F2DB-4C9A-B4DF-0EAB5BCA61E1}.Release|Any CPU.Deploy.0 = Release|Any CPU
		{E04F1077-EB14-4849-B93F-03A6CDC08D7D}.Debug|Any CPU.ActiveCfg = Debug|Any CPU
		{E04F1077-EB14-4849-B93F-03A6CDC08D7D}.Debug|Any CPU.Build.0 = Debug|Any CPU
		{E04F1077-EB14-4849-B93F-03A6CDC08D7D}.Release|Any CPU.ActiveCfg = Release|Any CPU
		{E04F1077-EB14-4849-B93F-03A6CDC08D7D}.Release|Any CPU.Build.0 = Release|Any CPU
		{C1025253-30A3-4B17-9474-3799DFCA3A1C}.Debug|Any CPU.ActiveCfg = Debug|Any CPU
		{C1025253-30A3-4B17-9474-3799DFCA3A1C}.Debug|Any CPU.Build.0 = Debug|Any CPU
		{C1025253-30A3-4B17-9474-3799DFCA3A1C}.Release|Any CPU.ActiveCfg = Release|Any CPU
		{C1025253-30A3-4B17-9474-3799DFCA3A1C}.Release|Any CPU.Build.0 = Release|Any CPU
	EndGlobalSection
	GlobalSection(SolutionProperties) = preSolution
		HideSolutionNode = FALSE
	EndGlobalSection
EndGlobal
